// !$*UTF8*$!
{
	archiveVersion = 1;
	classes = {
	};
	objectVersion = 56;
	objects = {

/* Begin PBXBuildFile section */
		D6AA6E062AC36014008B40CE /* AppDelegate.swift in Sources */ = {isa = PBXBuildFile; fileRef = D6AA6E052AC36014008B40CE /* AppDelegate.swift */; };
		D6AA6E082AC36014008B40CE /* SceneDelegate.swift in Sources */ = {isa = PBXBuildFile; fileRef = D6AA6E072AC36014008B40CE /* SceneDelegate.swift */; };
		D6AA6E0A2AC36014008B40CE /* ViewController.swift in Sources */ = {isa = PBXBuildFile; fileRef = D6AA6E092AC36014008B40CE /* ViewController.swift */; };
		D6AA6E0D2AC36014008B40CE /* Main.storyboard in Resources */ = {isa = PBXBuildFile; fileRef = D6AA6E0B2AC36014008B40CE /* Main.storyboard */; };
		D6AA6E0F2AC36015008B40CE /* Assets.xcassets in Resources */ = {isa = PBXBuildFile; fileRef = D6AA6E0E2AC36015008B40CE /* Assets.xcassets */; };
		D6AA6E122AC36015008B40CE /* LaunchScreen.storyboard in Resources */ = {isa = PBXBuildFile; fileRef = D6AA6E102AC36015008B40CE /* LaunchScreen.storyboard */; };
		D6AA6E1D2AC360FE008B40CE /* InfoVC.storyboard in Resources */ = {isa = PBXBuildFile; fileRef = D6AA6E1C2AC360FE008B40CE /* InfoVC.storyboard */; };
		D6AA6E212AC3616A008B40CE /* InfoVC.swift in Sources */ = {isa = PBXBuildFile; fileRef = D6AA6E202AC3616A008B40CE /* InfoVC.swift */; };
		D6AA6E272AC3625C008B40CE /* Fruits.swift in Sources */ = {isa = PBXBuildFile; fileRef = D6AA6E262AC3625C008B40CE /* Fruits.swift */; };
		D6AA6E2B2AC36289008B40CE /* FruitsTableViewCell.swift in Sources */ = {isa = PBXBuildFile; fileRef = D6AA6E292AC36289008B40CE /* FruitsTableViewCell.swift */; };
		D6AA6E2C2AC36289008B40CE /* FruitsTableViewCell.xib in Resources */ = {isa = PBXBuildFile; fileRef = D6AA6E2A2AC36289008B40CE /* FruitsTableViewCell.xib */; };
/* End PBXBuildFile section */

/* Begin PBXFileReference section */
		D6AA6E022AC36014008B40CE /* Desafio06FrutasTableView.app */ = {isa = PBXFileReference; explicitFileType = wrapper.application; includeInIndex = 0; path = Desafio06FrutasTableView.app; sourceTree = BUILT_PRODUCTS_DIR; };
		D6AA6E052AC36014008B40CE /* AppDelegate.swift */ = {isa = PBXFileReference; lastKnownFileType = sourcecode.swift; path = AppDelegate.swift; sourceTree = "<group>"; };
		D6AA6E072AC36014008B40CE /* SceneDelegate.swift */ = {isa = PBXFileReference; lastKnownFileType = sourcecode.swift; path = SceneDelegate.swift; sourceTree = "<group>"; };
		D6AA6E092AC36014008B40CE /* ViewController.swift */ = {isa = PBXFileReference; lastKnownFileType = sourcecode.swift; path = ViewController.swift; sourceTree = "<group>"; };
		D6AA6E0C2AC36014008B40CE /* Base */ = {isa = PBXFileReference; lastKnownFileType = file.storyboard; name = Base; path = Base.lproj/Main.storyboard; sourceTree = "<group>"; };
		D6AA6E0E2AC36015008B40CE /* Assets.xcassets */ = {isa = PBXFileReference; lastKnownFileType = folder.assetcatalog; path = Assets.xcassets; sourceTree = "<group>"; };
		D6AA6E112AC36015008B40CE /* Base */ = {isa = PBXFileReference; lastKnownFileType = file.storyboard; name = Base; path = Base.lproj/LaunchScreen.storyboard; sourceTree = "<group>"; };
		D6AA6E132AC36015008B40CE /* Info.plist */ = {isa = PBXFileReference; lastKnownFileType = text.plist.xml; path = Info.plist; sourceTree = "<group>"; };
		D6AA6E1C2AC360FE008B40CE /* InfoVC.storyboard */ = {isa = PBXFileReference; lastKnownFileType = file.storyboard; path = InfoVC.storyboard; sourceTree = "<group>"; };
		D6AA6E202AC3616A008B40CE /* InfoVC.swift */ = {isa = PBXFileReference; lastKnownFileType = sourcecode.swift; path = InfoVC.swift; sourceTree = "<group>"; };
		D6AA6E262AC3625C008B40CE /* Fruits.swift */ = {isa = PBXFileReference; lastKnownFileType = sourcecode.swift; path = Fruits.swift; sourceTree = "<group>"; };
		D6AA6E292AC36289008B40CE /* FruitsTableViewCell.swift */ = {isa = PBXFileReference; lastKnownFileType = sourcecode.swift; path = FruitsTableViewCell.swift; sourceTree = "<group>"; };
		D6AA6E2A2AC36289008B40CE /* FruitsTableViewCell.xib */ = {isa = PBXFileReference; lastKnownFileType = file.xib; path = FruitsTableViewCell.xib; sourceTree = "<group>"; };
/* End PBXFileReference section */

/* Begin PBXFrameworksBuildPhase section */
		D6AA6DFF2AC36014008B40CE /* Frameworks */ = {
			isa = PBXFrameworksBuildPhase;
			buildActionMask = 2147483647;
			files = (
			);
			runOnlyForDeploymentPostprocessing = 0;
		};
/* End PBXFrameworksBuildPhase section */

/* Begin PBXGroup section */
		D6AA6DF92AC36014008B40CE = {
			isa = PBXGroup;
			children = (
				D6AA6E042AC36014008B40CE /* Desafio06FrutasTableView */,
				D6AA6E032AC36014008B40CE /* Products */,
			);
			sourceTree = "<group>";
		};
		D6AA6E032AC36014008B40CE /* Products */ = {
			isa = PBXGroup;
			children = (
				D6AA6E022AC36014008B40CE /* Desafio06FrutasTableView.app */,
			);
			name = Products;
			sourceTree = "<group>";
		};
		D6AA6E042AC36014008B40CE /* Desafio06FrutasTableView */ = {
			isa = PBXGroup;
			children = (
				D6AA6E282AC36266008B40CE /* Cells */,
				D6AA6E252AC36248008B40CE /* Model */,
				D6AA6E192AC360B7008B40CE /* InfoScreen */,
				D6AA6E052AC36014008B40CE /* AppDelegate.swift */,
				D6AA6E072AC36014008B40CE /* SceneDelegate.swift */,
				D6AA6E092AC36014008B40CE /* ViewController.swift */,
				D6AA6E0B2AC36014008B40CE /* Main.storyboard */,
				D6AA6E0E2AC36015008B40CE /* Assets.xcassets */,
				D6AA6E102AC36015008B40CE /* LaunchScreen.storyboard */,
				D6AA6E132AC36015008B40CE /* Info.plist */,
			);
			path = Desafio06FrutasTableView;
			sourceTree = "<group>";
		};
		D6AA6E192AC360B7008B40CE /* InfoScreen */ = {
			isa = PBXGroup;
			children = (
				D6AA6E1C2AC360FE008B40CE /* InfoVC.storyboard */,
				D6AA6E202AC3616A008B40CE /* InfoVC.swift */,
			);
			path = InfoScreen;
			sourceTree = "<group>";
		};
		D6AA6E252AC36248008B40CE /* Model */ = {
			isa = PBXGroup;
			children = (
				D6AA6E262AC3625C008B40CE /* Fruits.swift */,
			);
			path = Model;
			sourceTree = "<group>";
		};
		D6AA6E282AC36266008B40CE /* Cells */ = {
			isa = PBXGroup;
			children = (
				D6AA6E292AC36289008B40CE /* FruitsTableViewCell.swift */,
				D6AA6E2A2AC36289008B40CE /* FruitsTableViewCell.xib */,
			);
			path = Cells;
			sourceTree = "<group>";
		};
/* End PBXGroup section */

/* Begin PBXNativeTarget section */
		D6AA6E012AC36014008B40CE /* Desafio06FrutasTableView */ = {
			isa = PBXNativeTarget;
			buildConfigurationList = D6AA6E162AC36015008B40CE /* Build configuration list for PBXNativeTarget "Desafio06FrutasTableView" */;
			buildPhases = (
				D6AA6DFE2AC36014008B40CE /* Sources */,
				D6AA6DFF2AC36014008B40CE /* Frameworks */,
				D6AA6E002AC36014008B40CE /* Resources */,
			);
			buildRules = (
			);
			dependencies = (
			);
			name = Desafio06FrutasTableView;
			productName = Desafio06FrutasTableView;
			productReference = D6AA6E022AC36014008B40CE /* Desafio06FrutasTableView.app */;
			productType = "com.apple.product-type.application";
		};
/* End PBXNativeTarget section */

/* Begin PBXProject section */
		D6AA6DFA2AC36014008B40CE /* Project object */ = {
			isa = PBXProject;
			attributes = {
				BuildIndependentTargetsInParallel = 1;
				LastSwiftUpdateCheck = 1430;
				LastUpgradeCheck = 1430;
				TargetAttributes = {
					D6AA6E012AC36014008B40CE = {
						CreatedOnToolsVersion = 14.3.1;
					};
				};
			};
			buildConfigurationList = D6AA6DFD2AC36014008B40CE /* Build configuration list for PBXProject "Desafio06FrutasTableView" */;
			compatibilityVersion = "Xcode 14.0";
			developmentRegion = en;
			hasScannedForEncodings = 0;
			knownRegions = (
				en,
				Base,
			);
			mainGroup = D6AA6DF92AC36014008B40CE;
			productRefGroup = D6AA6E032AC36014008B40CE /* Products */;
			projectDirPath = "";
			projectRoot = "";
			targets = (
				D6AA6E012AC36014008B40CE /* Desafio06FrutasTableView */,
			);
		};
/* End PBXProject section */

/* Begin PBXResourcesBuildPhase section */
		D6AA6E002AC36014008B40CE /* Resources */ = {
			isa = PBXResourcesBuildPhase;
			buildActionMask = 2147483647;
			files = (
				D6AA6E122AC36015008B40CE /* LaunchScreen.storyboard in Resources */,
				D6AA6E1D2AC360FE008B40CE /* InfoVC.storyboard in Resources */,
				D6AA6E2C2AC36289008B40CE /* FruitsTableViewCell.xib in Resources */,
				D6AA6E0F2AC36015008B40CE /* Assets.xcassets in Resources */,
				D6AA6E0D2AC36014008B40CE /* Main.storyboard in Resources */,
			);
			runOnlyForDeploymentPostprocessing = 0;
		};
/* End PBXResourcesBuildPhase section */

/* Begin PBXSourcesBuildPhase section */
		D6AA6DFE2AC36014008B40CE /* Sources */ = {
			isa = PBXSourcesBuildPhase;
			buildActionMask = 2147483647;
			files = (
				D6AA6E272AC3625C008B40CE /* Fruits.swift in Sources */,
				D6AA6E212AC3616A008B40CE /* InfoVC.swift in Sources */,
				D6AA6E0A2AC36014008B40CE /* ViewController.swift in Sources */,
				D6AA6E062AC36014008B40CE /* AppDelegate.swift in Sources */,
				D6AA6E2B2AC36289008B40CE /* FruitsTableViewCell.swift in Sources */,
				D6AA6E082AC36014008B40CE /* SceneDelegate.swift in Sources */,
			);
			runOnlyForDeploymentPostprocessing = 0;
		};
/* End PBXSourcesBuildPhase section */

/* Begin PBXVariantGroup section */
		D6AA6E0B2AC36014008B40CE /* Main.storyboard */ = {
			isa = PBXVariantGroup;
			children = (
				D6AA6E0C2AC36014008B40CE /* Base */,
			);
			name = Main.storyboard;
			sourceTree = "<group>";
		};
		D6AA6E102AC36015008B40CE /* LaunchScreen.storyboard */ = {
			isa = PBXVariantGroup;
			children = (
				D6AA6E112AC36015008B40CE /* Base */,
			);
			name = LaunchScreen.storyboard;
			sourceTree = "<group>";
		};
/* End PBXVariantGroup section */

/* Begin XCBuildConfiguration section */
		D6AA6E142AC36015008B40CE /* Debug */ = {
			isa = XCBuildConfiguration;
			buildSettings = {
				ALWAYS_SEARCH_USER_PATHS = NO;
				CLANG_ANALYZER_NONNULL = YES;
				CLANG_ANALYZER_NUMBER_OBJECT_CONVERSION = YES_AGGRESSIVE;
				CLANG_CXX_LANGUAGE_STANDARD = "gnu++20";
				CLANG_ENABLE_MODULES = YES;
				CLANG_ENABLE_OBJC_ARC = YES;
				CLANG_ENABLE_OBJC_WEAK = YES;
				CLANG_WARN_BLOCK_CAPTURE_AUTORELEASING = YES;
				CLANG_WARN_BOOL_CONVERSION = YES;
				CLANG_WARN_COMMA = YES;
				CLANG_WARN_CONSTANT_CONVERSION = YES;
				CLANG_WARN_DEPRECATED_OBJC_IMPLEMENTATIONS = YES;
				CLANG_WARN_DIRECT_OBJC_ISA_USAGE = YES_ERROR;
				CLANG_WARN_DOCUMENTATION_COMMENTS = YES;
				CLANG_WARN_EMPTY_BODY = YES;
				CLANG_WARN_ENUM_CONVERSION = YES;
				CLANG_WARN_INFINITE_RECURSION = YES;
				CLANG_WARN_INT_CONVERSION = YES;
				CLANG_WARN_NON_LITERAL_NULL_CONVERSION = YES;
				CLANG_WARN_OBJC_IMPLICIT_RETAIN_SELF = YES;
				CLANG_WARN_OBJC_LITERAL_CONVERSION = YES;
				CLANG_WARN_OBJC_ROOT_CLASS = YES_ERROR;
				CLANG_WARN_QUOTED_INCLUDE_IN_FRAMEWORK_HEADER = YES;
				CLANG_WARN_RANGE_LOOP_ANALYSIS = YES;
				CLANG_WARN_STRICT_PROTOTYPES = YES;
				CLANG_WARN_SUSPICIOUS_MOVE = YES;
				CLANG_WARN_UNGUARDED_AVAILABILITY = YES_AGGRESSIVE;
				CLANG_WARN_UNREACHABLE_CODE = YES;
				CLANG_WARN__DUPLICATE_METHOD_MATCH = YES;
				COPY_PHASE_STRIP = NO;
				DEBUG_INFORMATION_FORMAT = dwarf;
				ENABLE_STRICT_OBJC_MSGSEND = YES;
				ENABLE_TESTABILITY = YES;
				GCC_C_LANGUAGE_STANDARD = gnu11;
				GCC_DYNAMIC_NO_PIC = NO;
				GCC_NO_COMMON_BLOCKS = YES;
				GCC_OPTIMIZATION_LEVEL = 0;
				GCC_PREPROCESSOR_DEFINITIONS = (
					"DEBUG=1",
					"$(inherited)",
				);
				GCC_WARN_64_TO_32_BIT_CONVERSION = YES;
				GCC_WARN_ABOUT_RETURN_TYPE = YES_ERROR;
				GCC_WARN_UNDECLARED_SELECTOR = YES;
				GCC_WARN_UNINITIALIZED_AUTOS = YES_AGGRESSIVE;
				GCC_WARN_UNUSED_FUNCTION = YES;
				GCC_WARN_UNUSED_VARIABLE = YES;
				IPHONEOS_DEPLOYMENT_TARGET = 16.4;
				MTL_ENABLE_DEBUG_INFO = INCLUDE_SOURCE;
				MTL_FAST_MATH = YES;
				ONLY_ACTIVE_ARCH = YES;
				SDKROOT = iphoneos;
				SWIFT_ACTIVE_COMPILATION_CONDITIONS = DEBUG;
				SWIFT_OPTIMIZATION_LEVEL = "-Onone";
			};
			name = Debug;
		};
		D6AA6E152AC36015008B40CE /* Release */ = {
			isa = XCBuildConfiguration;
			buildSettings = {
				ALWAYS_SEARCH_USER_PATHS = NO;
				CLANG_ANALYZER_NONNULL = YES;
				CLANG_ANALYZER_NUMBER_OBJECT_CONVERSION = YES_AGGRESSIVE;
				CLANG_CXX_LANGUAGE_STANDARD = "gnu++20";
				CLANG_ENABLE_MODULES = YES;
				CLANG_ENABLE_OBJC_ARC = YES;
				CLANG_ENABLE_OBJC_WEAK = YES;
				CLANG_WARN_BLOCK_CAPTURE_AUTORELEASING = YES;
				CLANG_WARN_BOOL_CONVERSION = YES;
				CLANG_WARN_COMMA = YES;
				CLANG_WARN_CONSTANT_CONVERSION = YES;
				CLANG_WARN_DEPRECATED_OBJC_IMPLEMENTATIONS = YES;
				CLANG_WARN_DIRECT_OBJC_ISA_USAGE = YES_ERROR;
				CLANG_WARN_DOCUMENTATION_COMMENTS = YES;
				CLANG_WARN_EMPTY_BODY = YES;
				CLANG_WARN_ENUM_CONVERSION = YES;
				CLANG_WARN_INFINITE_RECURSION = YES;
				CLANG_WARN_INT_CONVERSION = YES;
				CLANG_WARN_NON_LITERAL_NULL_CONVERSION = YES;
				CLANG_WARN_OBJC_IMPLICIT_RETAIN_SELF = YES;
				CLANG_WARN_OBJC_LITERAL_CONVERSION = YES;
				CLANG_WARN_OBJC_ROOT_CLASS = YES_ERROR;
				CLANG_WARN_QUOTED_INCLUDE_IN_FRAMEWORK_HEADER = YES;
				CLANG_WARN_RANGE_LOOP_ANALYSIS = YES;
				CLANG_WARN_STRICT_PROTOTYPES = YES;
				CLANG_WARN_SUSPICIOUS_MOVE = YES;
				CLANG_WARN_UNGUARDED_AVAILABILITY = YES_AGGRESSIVE;
				CLANG_WARN_UNREACHABLE_CODE = YES;
				CLANG_WARN__DUPLICATE_METHOD_MATCH = YES;
				COPY_PHASE_STRIP = NO;
				DEBUG_INFORMATION_FORMAT = "dwarf-with-dsym";
				ENABLE_NS_ASSERTIONS = NO;
				ENABLE_STRICT_OBJC_MSGSEND = YES;
				GCC_C_LANGUAGE_STANDARD = gnu11;
				GCC_NO_COMMON_BLOCKS = YES;
				GCC_WARN_64_TO_32_BIT_CONVERSION = YES;
				GCC_WARN_ABOUT_RETURN_TYPE = YES_ERROR;
				GCC_WARN_UNDECLARED_SELECTOR = YES;
				GCC_WARN_UNINITIALIZED_AUTOS = YES_AGGRESSIVE;
				GCC_WARN_UNUSED_FUNCTION = YES;
				GCC_WARN_UNUSED_VARIABLE = YES;
				IPHONEOS_DEPLOYMENT_TARGET = 16.4;
				MTL_ENABLE_DEBUG_INFO = NO;
				MTL_FAST_MATH = YES;
				SDKROOT = iphoneos;
				SWIFT_COMPILATION_MODE = wholemodule;
				SWIFT_OPTIMIZATION_LEVEL = "-O";
				VALIDATE_PRODUCT = YES;
			};
			name = Release;
		};
		D6AA6E172AC36015008B40CE /* Debug */ = {
			isa = XCBuildConfiguration;
			buildSettings = {
				ASSETCATALOG_COMPILER_APPICON_NAME = AppIcon;
				ASSETCATALOG_COMPILER_GLOBAL_ACCENT_COLOR_NAME = AccentColor;
				CODE_SIGN_STYLE = Automatic;
				CURRENT_PROJECT_VERSION = 1;
				GENERATE_INFOPLIST_FILE = YES;
				INFOPLIST_FILE = Desafio06FrutasTableView/Info.plist;
				INFOPLIST_KEY_UIApplicationSupportsIndirectInputEvents = YES;
				INFOPLIST_KEY_UILaunchStoryboardName = LaunchScreen;
				INFOPLIST_KEY_UIMainStoryboardFile = Main;
				INFOPLIST_KEY_UISupportedInterfaceOrientations_iPad = "UIInterfaceOrientationPortrait UIInterfaceOrientationPortraitUpsideDown UIInterfaceOrientationLandscapeLeft UIInterfaceOrientationLandscapeRight";
				INFOPLIST_KEY_UISupportedInterfaceOrientations_iPhone = "UIInterfaceOrientationPortrait UIInterfaceOrientationLandscapeLeft UIInterfaceOrientationLandscapeRight";
				LD_RUNPATH_SEARCH_PATHS = (
					"$(inherited)",
					"@executable_path/Frameworks",
				);
				MARKETING_VERSION = 1.0;
				PRODUCT_BUNDLE_IDENTIFIER = Lu.Desafio06FrutasTableView;
				PRODUCT_NAME = "$(TARGET_NAME)";
				SUPPORTED_PLATFORMS = "iphoneos iphonesimulator";
				SUPPORTS_MACCATALYST = NO;
				SUPPORTS_MAC_DESIGNED_FOR_IPHONE_IPAD = NO;
				SWIFT_EMIT_LOC_STRINGS = YES;
				SWIFT_VERSION = 5.0;
				TARGETED_DEVICE_FAMILY = 1;
			};
			name = Debug;
		};
		D6AA6E182AC36015008B40CE /* Release */ = {
			isa = XCBuildConfiguration;
			buildSettings = {
				ASSETCATALOG_COMPILER_APPICON_NAME = AppIcon;
				ASSETCATALOG_COMPILER_GLOBAL_ACCENT_COLOR_NAME = AccentColor;
				CODE_SIGN_STYLE = Automatic;
				CURRENT_PROJECT_VERSION = 1;
				GENERATE_INFOPLIST_FILE = YES;
				INFOPLIST_FILE = Desafio06FrutasTableView/Info.plist;
				INFOPLIST_KEY_UIApplicationSupportsIndirectInputEvents = YES;
				INFOPLIST_KEY_UILaunchStoryboardName = LaunchScreen;
				INFOPLIST_KEY_UIMainStoryboardFile = Main;
				INFOPLIST_KEY_UISupportedInterfaceOrientations_iPad = "UIInterfaceOrientationPortrait UIInterfaceOrientationPortraitUpsideDown UIInterfaceOrientationLandscapeLeft UIInterfaceOrientationLandscapeRight";
				INFOPLIST_KEY_UISupportedInterfaceOrientations_iPhone = "UIInterfaceOrientationPortrait UIInterfaceOrientationLandscapeLeft UIInterfaceOrientationLandscapeRight";
				LD_RUNPATH_SEARCH_PATHS = (
					"$(inherited)",
					"@executable_path/Frameworks",
				);
				MARKETING_VERSION = 1.0;
				PRODUCT_BUNDLE_IDENTIFIER = Lu.Desafio06FrutasTableView;
				PRODUCT_NAME = "$(TARGET_NAME)";
				SUPPORTED_PLATFORMS = "iphoneos iphonesimulator";
				SUPPORTS_MACCATALYST = NO;
				SUPPORTS_MAC_DESIGNED_FOR_IPHONE_IPAD = NO;
				SWIFT_EMIT_LOC_STRINGS = YES;
				SWIFT_VERSION = 5.0;
				TARGETED_DEVICE_FAMILY = 1;
			};
			name = Release;
		};
/* End XCBuildConfiguration section */

/* Begin XCConfigurationList section */
		D6AA6DFD2AC36014008B40CE /* Build configuration list for PBXProject "Desafio06FrutasTableView" */ = {
			isa = XCConfigurationList;
			buildConfigurations = (
				D6AA6E142AC36015008B40CE /* Debug */,
				D6AA6E152AC36015008B40CE /* Release */,
			);
			defaultConfigurationIsVisible = 0;
			defaultConfigurationName = Release;
		};
		D6AA6E162AC36015008B40CE /* Build configuration list for PBXNativeTarget "Desafio06FrutasTableView" */ = {
			isa = XCConfigurationList;
			buildConfigurations = (
				D6AA6E172AC36015008B40CE /* Debug */,
				D6AA6E182AC36015008B40CE /* Release */,
			);
			defaultConfigurationIsVisible = 0;
			defaultConfigurationName = Release;
		};
/* End XCConfigurationList section */
	};
	rootObject = D6AA6DFA2AC36014008B40CE /* Project object */;
}
