// !$*UTF8*$!
{
	archiveVersion = 1;
	classes = {
	};
	objectVersion = 56;
	objects = {

/* Begin PBXBuildFile section */
		D611EA6F2ABA78CC00EDF760 /* AppDelegate.swift in Sources */ = {isa = PBXBuildFile; fileRef = D611EA6E2ABA78CC00EDF760 /* AppDelegate.swift */; };
		D611EA712ABA78CC00EDF760 /* SceneDelegate.swift in Sources */ = {isa = PBXBuildFile; fileRef = D611EA702ABA78CC00EDF760 /* SceneDelegate.swift */; };
		D611EA732ABA78CC00EDF760 /* ViewController.swift in Sources */ = {isa = PBXBuildFile; fileRef = D611EA722ABA78CC00EDF760 /* ViewController.swift */; };
		D611EA762ABA78CC00EDF760 /* Main.storyboard in Resources */ = {isa = PBXBuildFile; fileRef = D611EA742ABA78CC00EDF760 /* Main.storyboard */; };
		D611EA782ABA78CC00EDF760 /* Assets.xcassets in Resources */ = {isa = PBXBuildFile; fileRef = D611EA772ABA78CC00EDF760 /* Assets.xcassets */; };
		D611EA7B2ABA78CC00EDF760 /* LaunchScreen.storyboard in Resources */ = {isa = PBXBuildFile; fileRef = D611EA792ABA78CC00EDF760 /* LaunchScreen.storyboard */; };
		D611EA842ABA78F500EDF760 /* Tela02ViewController.storyboard in Resources */ = {isa = PBXBuildFile; fileRef = D611EA832ABA78F500EDF760 /* Tela02ViewController.storyboard */; };
		D611EA882ABA794700EDF760 /* Tela02ViewController.swift in Sources */ = {isa = PBXBuildFile; fileRef = D611EA872ABA794700EDF760 /* Tela02ViewController.swift */; };
/* End PBXBuildFile section */

/* Begin PBXFileReference section */
		D611EA6B2ABA78CC00EDF760 /* DesafioTransicaoDeDados.app */ = {isa = PBXFileReference; explicitFileType = wrapper.application; includeInIndex = 0; path = DesafioTransicaoDeDados.app; sourceTree = BUILT_PRODUCTS_DIR; };
		D611EA6E2ABA78CC00EDF760 /* AppDelegate.swift */ = {isa = PBXFileReference; lastKnownFileType = sourcecode.swift; path = AppDelegate.swift; sourceTree = "<group>"; };
		D611EA702ABA78CC00EDF760 /* SceneDelegate.swift */ = {isa = PBXFileReference; lastKnownFileType = sourcecode.swift; path = SceneDelegate.swift; sourceTree = "<group>"; };
		D611EA722ABA78CC00EDF760 /* ViewController.swift */ = {isa = PBXFileReference; lastKnownFileType = sourcecode.swift; path = ViewController.swift; sourceTree = "<group>"; };
		D611EA752ABA78CC00EDF760 /* Base */ = {isa = PBXFileReference; lastKnownFileType = file.storyboard; name = Base; path = Base.lproj/Main.storyboard; sourceTree = "<group>"; };
		D611EA772ABA78CC00EDF760 /* Assets.xcassets */ = {isa = PBXFileReference; lastKnownFileType = folder.assetcatalog; path = Assets.xcassets; sourceTree = "<group>"; };
		D611EA7A2ABA78CC00EDF760 /* Base */ = {isa = PBXFileReference; lastKnownFileType = file.storyboard; name = Base; path = Base.lproj/LaunchScreen.storyboard; sourceTree = "<group>"; };
		D611EA7C2ABA78CC00EDF760 /* Info.plist */ = {isa = PBXFileReference; lastKnownFileType = text.plist.xml; path = Info.plist; sourceTree = "<group>"; };
		D611EA832ABA78F500EDF760 /* Tela02ViewController.storyboard */ = {isa = PBXFileReference; lastKnownFileType = file.storyboard; path = Tela02ViewController.storyboard; sourceTree = "<group>"; };
		D611EA872ABA794700EDF760 /* Tela02ViewController.swift */ = {isa = PBXFileReference; lastKnownFileType = sourcecode.swift; path = Tela02ViewController.swift; sourceTree = "<group>"; };
/* End PBXFileReference section */

/* Begin PBXFrameworksBuildPhase section */
		D611EA682ABA78CB00EDF760 /* Frameworks */ = {
			isa = PBXFrameworksBuildPhase;
			buildActionMask = 2147483647;
			files = (
			);
			runOnlyForDeploymentPostprocessing = 0;
		};
/* End PBXFrameworksBuildPhase section */

/* Begin PBXGroup section */
		D611EA622ABA78CB00EDF760 = {
			isa = PBXGroup;
			children = (
				D611EA6D2ABA78CC00EDF760 /* DesafioTransicaoDeDados */,
				D611EA6C2ABA78CC00EDF760 /* Products */,
			);
			sourceTree = "<group>";
		};
		D611EA6C2ABA78CC00EDF760 /* Products */ = {
			isa = PBXGroup;
			children = (
				D611EA6B2ABA78CC00EDF760 /* DesafioTransicaoDeDados.app */,
			);
			name = Products;
			sourceTree = "<group>";
		};
		D611EA6D2ABA78CC00EDF760 /* DesafioTransicaoDeDados */ = {
			isa = PBXGroup;
			children = (
				D611EA822ABA78D900EDF760 /* Tela02 */,
				D611EA6E2ABA78CC00EDF760 /* AppDelegate.swift */,
				D611EA702ABA78CC00EDF760 /* SceneDelegate.swift */,
				D611EA722ABA78CC00EDF760 /* ViewController.swift */,
				D611EA742ABA78CC00EDF760 /* Main.storyboard */,
				D611EA772ABA78CC00EDF760 /* Assets.xcassets */,
				D611EA792ABA78CC00EDF760 /* LaunchScreen.storyboard */,
				D611EA7C2ABA78CC00EDF760 /* Info.plist */,
			);
			path = DesafioTransicaoDeDados;
			sourceTree = "<group>";
		};
		D611EA822ABA78D900EDF760 /* Tela02 */ = {
			isa = PBXGroup;
			children = (
				D611EA832ABA78F500EDF760 /* Tela02ViewController.storyboard */,
				D611EA872ABA794700EDF760 /* Tela02ViewController.swift */,
			);
			path = Tela02;
			sourceTree = "<group>";
		};
/* End PBXGroup section */

/* Begin PBXNativeTarget section */
		D611EA6A2ABA78CB00EDF760 /* DesafioTransicaoDeDados */ = {
			isa = PBXNativeTarget;
			buildConfigurationList = D611EA7F2ABA78CC00EDF760 /* Build configuration list for PBXNativeTarget "DesafioTransicaoDeDados" */;
			buildPhases = (
				D611EA672ABA78CB00EDF760 /* Sources */,
				D611EA682ABA78CB00EDF760 /* Frameworks */,
				D611EA692ABA78CB00EDF760 /* Resources */,
			);
			buildRules = (
			);
			dependencies = (
			);
			name = DesafioTransicaoDeDados;
			productName = DesafioTransicaoDeDados;
			productReference = D611EA6B2ABA78CC00EDF760 /* DesafioTransicaoDeDados.app */;
			productType = "com.apple.product-type.application";
		};
/* End PBXNativeTarget section */

/* Begin PBXProject section */
		D611EA632ABA78CB00EDF760 /* Project object */ = {
			isa = PBXProject;
			attributes = {
				BuildIndependentTargetsInParallel = 1;
				LastSwiftUpdateCheck = 1430;
				LastUpgradeCheck = 1430;
				TargetAttributes = {
					D611EA6A2ABA78CB00EDF760 = {
						CreatedOnToolsVersion = 14.3.1;
					};
				};
			};
			buildConfigurationList = D611EA662ABA78CB00EDF760 /* Build configuration list for PBXProject "DesafioTransicaoDeDados" */;
			compatibilityVersion = "Xcode 14.0";
			developmentRegion = en;
			hasScannedForEncodings = 0;
			knownRegions = (
				en,
				Base,
			);
			mainGroup = D611EA622ABA78CB00EDF760;
			productRefGroup = D611EA6C2ABA78CC00EDF760 /* Products */;
			projectDirPath = "";
			projectRoot = "";
			targets = (
				D611EA6A2ABA78CB00EDF760 /* DesafioTransicaoDeDados */,
			);
		};
/* End PBXProject section */

/* Begin PBXResourcesBuildPhase section */
		D611EA692ABA78CB00EDF760 /* Resources */ = {
			isa = PBXResourcesBuildPhase;
			buildActionMask = 2147483647;
			files = (
				D611EA7B2ABA78CC00EDF760 /* LaunchScreen.storyboard in Resources */,
				D611EA842ABA78F500EDF760 /* Tela02ViewController.storyboard in Resources */,
				D611EA782ABA78CC00EDF760 /* Assets.xcassets in Resources */,
				D611EA762ABA78CC00EDF760 /* Main.storyboard in Resources */,
			);
			runOnlyForDeploymentPostprocessing = 0;
		};
/* End PBXResourcesBuildPhase section */

/* Begin PBXSourcesBuildPhase section */
		D611EA672ABA78CB00EDF760 /* Sources */ = {
			isa = PBXSourcesBuildPhase;
			buildActionMask = 2147483647;
			files = (
				D611EA882ABA794700EDF760 /* Tela02ViewController.swift in Sources */,
				D611EA732ABA78CC00EDF760 /* ViewController.swift in Sources */,
				D611EA6F2ABA78CC00EDF760 /* AppDelegate.swift in Sources */,
				D611EA712ABA78CC00EDF760 /* SceneDelegate.swift in Sources */,
			);
			runOnlyForDeploymentPostprocessing = 0;
		};
/* End PBXSourcesBuildPhase section */

/* Begin PBXVariantGroup section */
		D611EA742ABA78CC00EDF760 /* Main.storyboard */ = {
			isa = PBXVariantGroup;
			children = (
				D611EA752ABA78CC00EDF760 /* Base */,
			);
			name = Main.storyboard;
			sourceTree = "<group>";
		};
		D611EA792ABA78CC00EDF760 /* LaunchScreen.storyboard */ = {
			isa = PBXVariantGroup;
			children = (
				D611EA7A2ABA78CC00EDF760 /* Base */,
			);
			name = LaunchScreen.storyboard;
			sourceTree = "<group>";
		};
/* End PBXVariantGroup section */

/* Begin XCBuildConfiguration section */
		D611EA7D2ABA78CC00EDF760 /* Debug */ = {
			isa = XCBuildConfiguration;
			buildSettings = {
				ALWAYS_SEARCH_USER_PATHS = NO;
				CLANG_ANALYZER_NONNULL = YES;
				CLANG_ANALYZER_NUMBER_OBJECT_CONVERSION = YES_AGGRESSIVE;
				CLANG_CXX_LANGUAGE_STANDARD = "gnu++20";
				CLANG_ENABLE_MODULES = YES;
				CLANG_ENABLE_OBJC_ARC = YES;
				CLANG_ENABLE_OBJC_WEAK = YES;
				CLANG_WARN_BLOCK_CAPTURE_AUTORELEASING = YES;
				CLANG_WARN_BOOL_CONVERSION = YES;
				CLANG_WARN_COMMA = YES;
				CLANG_WARN_CONSTANT_CONVERSION = YES;
				CLANG_WARN_DEPRECATED_OBJC_IMPLEMENTATIONS = YES;
				CLANG_WARN_DIRECT_OBJC_ISA_USAGE = YES_ERROR;
				CLANG_WARN_DOCUMENTATION_COMMENTS = YES;
				CLANG_WARN_EMPTY_BODY = YES;
				CLANG_WARN_ENUM_CONVERSION = YES;
				CLANG_WARN_INFINITE_RECURSION = YES;
				CLANG_WARN_INT_CONVERSION = YES;
				CLANG_WARN_NON_LITERAL_NULL_CONVERSION = YES;
				CLANG_WARN_OBJC_IMPLICIT_RETAIN_SELF = YES;
				CLANG_WARN_OBJC_LITERAL_CONVERSION = YES;
				CLANG_WARN_OBJC_ROOT_CLASS = YES_ERROR;
				CLANG_WARN_QUOTED_INCLUDE_IN_FRAMEWORK_HEADER = YES;
				CLANG_WARN_RANGE_LOOP_ANALYSIS = YES;
				CLANG_WARN_STRICT_PROTOTYPES = YES;
				CLANG_WARN_SUSPICIOUS_MOVE = YES;
				CLANG_WARN_UNGUARDED_AVAILABILITY = YES_AGGRESSIVE;
				CLANG_WARN_UNREACHABLE_CODE = YES;
				CLANG_WARN__DUPLICATE_METHOD_MATCH = YES;
				COPY_PHASE_STRIP = NO;
				DEBUG_INFORMATION_FORMAT = dwarf;
				ENABLE_STRICT_OBJC_MSGSEND = YES;
				ENABLE_TESTABILITY = YES;
				GCC_C_LANGUAGE_STANDARD = gnu11;
				GCC_DYNAMIC_NO_PIC = NO;
				GCC_NO_COMMON_BLOCKS = YES;
				GCC_OPTIMIZATION_LEVEL = 0;
				GCC_PREPROCESSOR_DEFINITIONS = (
					"DEBUG=1",
					"$(inherited)",
				);
				GCC_WARN_64_TO_32_BIT_CONVERSION = YES;
				GCC_WARN_ABOUT_RETURN_TYPE = YES_ERROR;
				GCC_WARN_UNDECLARED_SELECTOR = YES;
				GCC_WARN_UNINITIALIZED_AUTOS = YES_AGGRESSIVE;
				GCC_WARN_UNUSED_FUNCTION = YES;
				GCC_WARN_UNUSED_VARIABLE = YES;
				IPHONEOS_DEPLOYMENT_TARGET = 16.4;
				MTL_ENABLE_DEBUG_INFO = INCLUDE_SOURCE;
				MTL_FAST_MATH = YES;
				ONLY_ACTIVE_ARCH = YES;
				SDKROOT = iphoneos;
				SWIFT_ACTIVE_COMPILATION_CONDITIONS = DEBUG;
				SWIFT_OPTIMIZATION_LEVEL = "-Onone";
			};
			name = Debug;
		};
		D611EA7E2ABA78CC00EDF760 /* Release */ = {
			isa = XCBuildConfiguration;
			buildSettings = {
				ALWAYS_SEARCH_USER_PATHS = NO;
				CLANG_ANALYZER_NONNULL = YES;
				CLANG_ANALYZER_NUMBER_OBJECT_CONVERSION = YES_AGGRESSIVE;
				CLANG_CXX_LANGUAGE_STANDARD = "gnu++20";
				CLANG_ENABLE_MODULES = YES;
				CLANG_ENABLE_OBJC_ARC = YES;
				CLANG_ENABLE_OBJC_WEAK = YES;
				CLANG_WARN_BLOCK_CAPTURE_AUTORELEASING = YES;
				CLANG_WARN_BOOL_CONVERSION = YES;
				CLANG_WARN_COMMA = YES;
				CLANG_WARN_CONSTANT_CONVERSION = YES;
				CLANG_WARN_DEPRECATED_OBJC_IMPLEMENTATIONS = YES;
				CLANG_WARN_DIRECT_OBJC_ISA_USAGE = YES_ERROR;
				CLANG_WARN_DOCUMENTATION_COMMENTS = YES;
				CLANG_WARN_EMPTY_BODY = YES;
				CLANG_WARN_ENUM_CONVERSION = YES;
				CLANG_WARN_INFINITE_RECURSION = YES;
				CLANG_WARN_INT_CONVERSION = YES;
				CLANG_WARN_NON_LITERAL_NULL_CONVERSION = YES;
				CLANG_WARN_OBJC_IMPLICIT_RETAIN_SELF = YES;
				CLANG_WARN_OBJC_LITERAL_CONVERSION = YES;
				CLANG_WARN_OBJC_ROOT_CLASS = YES_ERROR;
				CLANG_WARN_QUOTED_INCLUDE_IN_FRAMEWORK_HEADER = YES;
				CLANG_WARN_RANGE_LOOP_ANALYSIS = YES;
				CLANG_WARN_STRICT_PROTOTYPES = YES;
				CLANG_WARN_SUSPICIOUS_MOVE = YES;
				CLANG_WARN_UNGUARDED_AVAILABILITY = YES_AGGRESSIVE;
				CLANG_WARN_UNREACHABLE_CODE = YES;
				CLANG_WARN__DUPLICATE_METHOD_MATCH = YES;
				COPY_PHASE_STRIP = NO;
				DEBUG_INFORMATION_FORMAT = "dwarf-with-dsym";
				ENABLE_NS_ASSERTIONS = NO;
				ENABLE_STRICT_OBJC_MSGSEND = YES;
				GCC_C_LANGUAGE_STANDARD = gnu11;
				GCC_NO_COMMON_BLOCKS = YES;
				GCC_WARN_64_TO_32_BIT_CONVERSION = YES;
				GCC_WARN_ABOUT_RETURN_TYPE = YES_ERROR;
				GCC_WARN_UNDECLARED_SELECTOR = YES;
				GCC_WARN_UNINITIALIZED_AUTOS = YES_AGGRESSIVE;
				GCC_WARN_UNUSED_FUNCTION = YES;
				GCC_WARN_UNUSED_VARIABLE = YES;
				IPHONEOS_DEPLOYMENT_TARGET = 16.4;
				MTL_ENABLE_DEBUG_INFO = NO;
				MTL_FAST_MATH = YES;
				SDKROOT = iphoneos;
				SWIFT_COMPILATION_MODE = wholemodule;
				SWIFT_OPTIMIZATION_LEVEL = "-O";
				VALIDATE_PRODUCT = YES;
			};
			name = Release;
		};
		D611EA802ABA78CC00EDF760 /* Debug */ = {
			isa = XCBuildConfiguration;
			buildSettings = {
				ASSETCATALOG_COMPILER_APPICON_NAME = AppIcon;
				ASSETCATALOG_COMPILER_GLOBAL_ACCENT_COLOR_NAME = AccentColor;
				CODE_SIGN_STYLE = Automatic;
				CURRENT_PROJECT_VERSION = 1;
				GENERATE_INFOPLIST_FILE = YES;
				INFOPLIST_FILE = DesafioTransicaoDeDados/Info.plist;
				INFOPLIST_KEY_UIApplicationSupportsIndirectInputEvents = YES;
				INFOPLIST_KEY_UILaunchStoryboardName = LaunchScreen;
				INFOPLIST_KEY_UIMainStoryboardFile = Main;
				INFOPLIST_KEY_UISupportedInterfaceOrientations_iPad = "UIInterfaceOrientationPortrait UIInterfaceOrientationPortraitUpsideDown UIInterfaceOrientationLandscapeLeft UIInterfaceOrientationLandscapeRight";
				INFOPLIST_KEY_UISupportedInterfaceOrientations_iPhone = "UIInterfaceOrientationPortrait UIInterfaceOrientationLandscapeLeft UIInterfaceOrientationLandscapeRight";
				LD_RUNPATH_SEARCH_PATHS = (
					"$(inherited)",
					"@executable_path/Frameworks",
				);
				MARKETING_VERSION = 1.0;
				PRODUCT_BUNDLE_IDENTIFIER = Lu.DesafioTransicaoDeDados;
				PRODUCT_NAME = "$(TARGET_NAME)";
				SWIFT_EMIT_LOC_STRINGS = YES;
				SWIFT_VERSION = 5.0;
				TARGETED_DEVICE_FAMILY = "1,2";
			};
			name = Debug;
		};
		D611EA812ABA78CC00EDF760 /* Release */ = {
			isa = XCBuildConfiguration;
			buildSettings = {
				ASSETCATALOG_COMPILER_APPICON_NAME = AppIcon;
				ASSETCATALOG_COMPILER_GLOBAL_ACCENT_COLOR_NAME = AccentColor;
				CODE_SIGN_STYLE = Automatic;
				CURRENT_PROJECT_VERSION = 1;
				GENERATE_INFOPLIST_FILE = YES;
				INFOPLIST_FILE = DesafioTransicaoDeDados/Info.plist;
				INFOPLIST_KEY_UIApplicationSupportsIndirectInputEvents = YES;
				INFOPLIST_KEY_UILaunchStoryboardName = LaunchScreen;
				INFOPLIST_KEY_UIMainStoryboardFile = Main;
				INFOPLIST_KEY_UISupportedInterfaceOrientations_iPad = "UIInterfaceOrientationPortrait UIInterfaceOrientationPortraitUpsideDown UIInterfaceOrientationLandscapeLeft UIInterfaceOrientationLandscapeRight";
				INFOPLIST_KEY_UISupportedInterfaceOrientations_iPhone = "UIInterfaceOrientationPortrait UIInterfaceOrientationLandscapeLeft UIInterfaceOrientationLandscapeRight";
				LD_RUNPATH_SEARCH_PATHS = (
					"$(inherited)",
					"@executable_path/Frameworks",
				);
				MARKETING_VERSION = 1.0;
				PRODUCT_BUNDLE_IDENTIFIER = Lu.DesafioTransicaoDeDados;
				PRODUCT_NAME = "$(TARGET_NAME)";
				SWIFT_EMIT_LOC_STRINGS = YES;
				SWIFT_VERSION = 5.0;
				TARGETED_DEVICE_FAMILY = "1,2";
			};
			name = Release;
		};
/* End XCBuildConfiguration section */

/* Begin XCConfigurationList section */
		D611EA662ABA78CB00EDF760 /* Build configuration list for PBXProject "DesafioTransicaoDeDados" */ = {
			isa = XCConfigurationList;
			buildConfigurations = (
				D611EA7D2ABA78CC00EDF760 /* Debug */,
				D611EA7E2ABA78CC00EDF760 /* Release */,
			);
			defaultConfigurationIsVisible = 0;
			defaultConfigurationName = Release;
		};
		D611EA7F2ABA78CC00EDF760 /* Build configuration list for PBXNativeTarget "DesafioTransicaoDeDados" */ = {
			isa = XCConfigurationList;
			buildConfigurations = (
				D611EA802ABA78CC00EDF760 /* Debug */,
				D611EA812ABA78CC00EDF760 /* Release */,
			);
			defaultConfigurationIsVisible = 0;
			defaultConfigurationName = Release;
		};
/* End XCConfigurationList section */
	};
	rootObject = D611EA632ABA78CB00EDF760 /* Project object */;
}
